// !$*UTF8*$!
{
	archiveVersion = 1;
	classes = {
	};
	objectVersion = 46;
	objects = {

/* Begin PBXBuildFile section */
		156571FC1C1FDF0F004EC23A /* AppDelegate.swift in Sources */ = {isa = PBXBuildFile; fileRef = 156571FB1C1FDF0F004EC23A /* AppDelegate.swift */; };
		156571FE1C1FDF0F004EC23A /* ViewController.swift in Sources */ = {isa = PBXBuildFile; fileRef = 156571FD1C1FDF0F004EC23A /* ViewController.swift */; };
		156572011C1FDF0F004EC23A /* Main.storyboard in Resources */ = {isa = PBXBuildFile; fileRef = 156571FF1C1FDF0F004EC23A /* Main.storyboard */; };
		156572041C1FDF0F004EC23A /* SwiftyJsonDataModels.xcdatamodeld in Sources */ = {isa = PBXBuildFile; fileRef = 156572021C1FDF0F004EC23A /* SwiftyJsonDataModels.xcdatamodeld */; };
		156572061C1FDF0F004EC23A /* Assets.xcassets in Resources */ = {isa = PBXBuildFile; fileRef = 156572051C1FDF0F004EC23A /* Assets.xcassets */; };
		156572091C1FDF0F004EC23A /* LaunchScreen.storyboard in Resources */ = {isa = PBXBuildFile; fileRef = 156572071C1FDF0F004EC23A /* LaunchScreen.storyboard */; };
		156572141C1FDF0F004EC23A /* SwiftyJsonDataModelsTests.swift in Sources */ = {isa = PBXBuildFile; fileRef = 156572131C1FDF0F004EC23A /* SwiftyJsonDataModelsTests.swift */; };
		1565721F1C1FDF0F004EC23A /* SwiftyJsonDataModelsUITests.swift in Sources */ = {isa = PBXBuildFile; fileRef = 1565721E1C1FDF0F004EC23A /* SwiftyJsonDataModelsUITests.swift */; };
		1565722F1C1FE057004EC23A /* CaneQuality.swift in Sources */ = {isa = PBXBuildFile; fileRef = 1565722D1C1FE057004EC23A /* CaneQuality.swift */; };
		156572301C1FE057004EC23A /* CaneLabSample.swift in Sources */ = {isa = PBXBuildFile; fileRef = 1565722E1C1FE057004EC23A /* CaneLabSample.swift */; };
		156572321C1FE081004EC23A /* GrowerCrop.swift in Sources */ = {isa = PBXBuildFile; fileRef = 156572311C1FE081004EC23A /* GrowerCrop.swift */; };
		156572341C1FE0C7004EC23A /* SwiftyJSON.swift in Sources */ = {isa = PBXBuildFile; fileRef = 156572331C1FE0C7004EC23A /* SwiftyJSON.swift */; };
		156572361C1FE0DB004EC23A /* HelperFunctions.swift in Sources */ = {isa = PBXBuildFile; fileRef = 156572351C1FE0DB004EC23A /* HelperFunctions.swift */; };
/* End PBXBuildFile section */

/* Begin PBXContainerItemProxy section */
		156572101C1FDF0F004EC23A /* PBXContainerItemProxy */ = {
			isa = PBXContainerItemProxy;
			containerPortal = 156571F01C1FDF0F004EC23A /* Project object */;
			proxyType = 1;
			remoteGlobalIDString = 156571F71C1FDF0F004EC23A;
			remoteInfo = SwiftyJsonDataModels;
		};
		1565721B1C1FDF0F004EC23A /* PBXContainerItemProxy */ = {
			isa = PBXContainerItemProxy;
			containerPortal = 156571F01C1FDF0F004EC23A /* Project object */;
			proxyType = 1;
			remoteGlobalIDString = 156571F71C1FDF0F004EC23A;
			remoteInfo = SwiftyJsonDataModels;
		};
/* End PBXContainerItemProxy section */

/* Begin PBXFileReference section */
		156571F81C1FDF0F004EC23A /* SwiftyJsonDataModels.app */ = {isa = PBXFileReference; explicitFileType = wrapper.application; includeInIndex = 0; path = SwiftyJsonDataModels.app; sourceTree = BUILT_PRODUCTS_DIR; };
		156571FB1C1FDF0F004EC23A /* AppDelegate.swift */ = {isa = PBXFileReference; lastKnownFileType = sourcecode.swift; path = AppDelegate.swift; sourceTree = "<group>"; };
		156571FD1C1FDF0F004EC23A /* ViewController.swift */ = {isa = PBXFileReference; lastKnownFileType = sourcecode.swift; path = ViewController.swift; sourceTree = "<group>"; };
		156572001C1FDF0F004EC23A /* Base */ = {isa = PBXFileReference; lastKnownFileType = file.storyboard; name = Base; path = Base.lproj/Main.storyboard; sourceTree = "<group>"; };
		156572031C1FDF0F004EC23A /* SwiftyJsonDataModels.xcdatamodel */ = {isa = PBXFileReference; lastKnownFileType = wrapper.xcdatamodel; path = SwiftyJsonDataModels.xcdatamodel; sourceTree = "<group>"; };
		156572051C1FDF0F004EC23A /* Assets.xcassets */ = {isa = PBXFileReference; lastKnownFileType = folder.assetcatalog; path = Assets.xcassets; sourceTree = "<group>"; };
		156572081C1FDF0F004EC23A /* Base */ = {isa = PBXFileReference; lastKnownFileType = file.storyboard; name = Base; path = Base.lproj/LaunchScreen.storyboard; sourceTree = "<group>"; };
		1565720A1C1FDF0F004EC23A /* Info.plist */ = {isa = PBXFileReference; lastKnownFileType = text.plist.xml; path = Info.plist; sourceTree = "<group>"; };
		1565720F1C1FDF0F004EC23A /* SwiftyJsonDataModelsTests.xctest */ = {isa = PBXFileReference; explicitFileType = wrapper.cfbundle; includeInIndex = 0; path = SwiftyJsonDataModelsTests.xctest; sourceTree = BUILT_PRODUCTS_DIR; };
		156572131C1FDF0F004EC23A /* SwiftyJsonDataModelsTests.swift */ = {isa = PBXFileReference; lastKnownFileType = sourcecode.swift; path = SwiftyJsonDataModelsTests.swift; sourceTree = "<group>"; };
		156572151C1FDF0F004EC23A /* Info.plist */ = {isa = PBXFileReference; lastKnownFileType = text.plist.xml; path = Info.plist; sourceTree = "<group>"; };
		1565721A1C1FDF0F004EC23A /* SwiftyJsonDataModelsUITests.xctest */ = {isa = PBXFileReference; explicitFileType = wrapper.cfbundle; includeInIndex = 0; path = SwiftyJsonDataModelsUITests.xctest; sourceTree = BUILT_PRODUCTS_DIR; };
		1565721E1C1FDF0F004EC23A /* SwiftyJsonDataModelsUITests.swift */ = {isa = PBXFileReference; lastKnownFileType = sourcecode.swift; path = SwiftyJsonDataModelsUITests.swift; sourceTree = "<group>"; };
		156572201C1FDF0F004EC23A /* Info.plist */ = {isa = PBXFileReference; lastKnownFileType = text.plist.xml; path = Info.plist; sourceTree = "<group>"; };
		1565722D1C1FE057004EC23A /* CaneQuality.swift */ = {isa = PBXFileReference; fileEncoding = 4; lastKnownFileType = sourcecode.swift; path = CaneQuality.swift; sourceTree = "<group>"; };
		1565722E1C1FE057004EC23A /* CaneLabSample.swift */ = {isa = PBXFileReference; fileEncoding = 4; lastKnownFileType = sourcecode.swift; path = CaneLabSample.swift; sourceTree = "<group>"; };
		156572311C1FE081004EC23A /* GrowerCrop.swift */ = {isa = PBXFileReference; fileEncoding = 4; lastKnownFileType = sourcecode.swift; path = GrowerCrop.swift; sourceTree = "<group>"; };
		156572331C1FE0C7004EC23A /* SwiftyJSON.swift */ = {isa = PBXFileReference; fileEncoding = 4; lastKnownFileType = sourcecode.swift; path = SwiftyJSON.swift; sourceTree = "<group>"; };
		156572351C1FE0DB004EC23A /* HelperFunctions.swift */ = {isa = PBXFileReference; fileEncoding = 4; lastKnownFileType = sourcecode.swift; path = HelperFunctions.swift; sourceTree = "<group>"; };
/* End PBXFileReference section */

/* Begin PBXFrameworksBuildPhase section */
		156571F51C1FDF0F004EC23A /* Frameworks */ = {
			isa = PBXFrameworksBuildPhase;
			buildActionMask = 2147483647;
			files = (
			);
			runOnlyForDeploymentPostprocessing = 0;
		};
		1565720C1C1FDF0F004EC23A /* Frameworks */ = {
			isa = PBXFrameworksBuildPhase;
			buildActionMask = 2147483647;
			files = (
			);
			runOnlyForDeploymentPostprocessing = 0;
		};
		156572171C1FDF0F004EC23A /* Frameworks */ = {
			isa = PBXFrameworksBuildPhase;
			buildActionMask = 2147483647;
			files = (
			);
			runOnlyForDeploymentPostprocessing = 0;
		};
/* End PBXFrameworksBuildPhase section */

/* Begin PBXGroup section */
		156571EF1C1FDF0F004EC23A = {
			isa = PBXGroup;
			children = (
				156571FA1C1FDF0F004EC23A /* SwiftyJsonDataModels */,
				156572121C1FDF0F004EC23A /* SwiftyJsonDataModelsTests */,
				1565721D1C1FDF0F004EC23A /* SwiftyJsonDataModelsUITests */,
				156571F91C1FDF0F004EC23A /* Products */,
			);
			sourceTree = "<group>";
		};
		156571F91C1FDF0F004EC23A /* Products */ = {
			isa = PBXGroup;
			children = (
				156571F81C1FDF0F004EC23A /* SwiftyJsonDataModels.app */,
				1565720F1C1FDF0F004EC23A /* SwiftyJsonDataModelsTests.xctest */,
				1565721A1C1FDF0F004EC23A /* SwiftyJsonDataModelsUITests.xctest */,
			);
			name = Products;
			sourceTree = "<group>";
		};
		156571FA1C1FDF0F004EC23A /* SwiftyJsonDataModels */ = {
			isa = PBXGroup;
			children = (
				1565722C1C1FDF1C004EC23A /* DataModels */,
				156571FB1C1FDF0F004EC23A /* AppDelegate.swift */,
				156571FD1C1FDF0F004EC23A /* ViewController.swift */,
				156571FF1C1FDF0F004EC23A /* Main.storyboard */,
				156572051C1FDF0F004EC23A /* Assets.xcassets */,
				156572071C1FDF0F004EC23A /* LaunchScreen.storyboard */,
				1565720A1C1FDF0F004EC23A /* Info.plist */,
				156572021C1FDF0F004EC23A /* SwiftyJsonDataModels.xcdatamodeld */,
			);
			path = SwiftyJsonDataModels;
			sourceTree = "<group>";
		};
		156572121C1FDF0F004EC23A /* SwiftyJsonDataModelsTests */ = {
			isa = PBXGroup;
			children = (
				156572131C1FDF0F004EC23A /* SwiftyJsonDataModelsTests.swift */,
				156572151C1FDF0F004EC23A /* Info.plist */,
			);
			path = SwiftyJsonDataModelsTests;
			sourceTree = "<group>";
		};
		1565721D1C1FDF0F004EC23A /* SwiftyJsonDataModelsUITests */ = {
			isa = PBXGroup;
			children = (
				1565721E1C1FDF0F004EC23A /* SwiftyJsonDataModelsUITests.swift */,
				156572201C1FDF0F004EC23A /* Info.plist */,
			);
			path = SwiftyJsonDataModelsUITests;
			sourceTree = "<group>";
		};
		1565722C1C1FDF1C004EC23A /* DataModels */ = {
			isa = PBXGroup;
			children = (
				1565722D1C1FE057004EC23A /* CaneQuality.swift */,
				1565722E1C1FE057004EC23A /* CaneLabSample.swift */,
				156572311C1FE081004EC23A /* GrowerCrop.swift */,
				156572331C1FE0C7004EC23A /* SwiftyJSON.swift */,
				156572351C1FE0DB004EC23A /* HelperFunctions.swift */,
			);
			name = DataModels;
			sourceTree = "<group>";
		};
/* End PBXGroup section */

/* Begin PBXNativeTarget section */
		156571F71C1FDF0F004EC23A /* SwiftyJsonDataModels */ = {
			isa = PBXNativeTarget;
			buildConfigurationList = 156572231C1FDF0F004EC23A /* Build configuration list for PBXNativeTarget "SwiftyJsonDataModels" */;
			buildPhases = (
				156571F41C1FDF0F004EC23A /* Sources */,
				156571F51C1FDF0F004EC23A /* Frameworks */,
				156571F61C1FDF0F004EC23A /* Resources */,
			);
			buildRules = (
			);
			dependencies = (
			);
			name = SwiftyJsonDataModels;
			productName = SwiftyJsonDataModels;
			productReference = 156571F81C1FDF0F004EC23A /* SwiftyJsonDataModels.app */;
			productType = "com.apple.product-type.application";
		};
		1565720E1C1FDF0F004EC23A /* SwiftyJsonDataModelsTests */ = {
			isa = PBXNativeTarget;
			buildConfigurationList = 156572261C1FDF0F004EC23A /* Build configuration list for PBXNativeTarget "SwiftyJsonDataModelsTests" */;
			buildPhases = (
				1565720B1C1FDF0F004EC23A /* Sources */,
				1565720C1C1FDF0F004EC23A /* Frameworks */,
				1565720D1C1FDF0F004EC23A /* Resources */,
			);
			buildRules = (
			);
			dependencies = (
				156572111C1FDF0F004EC23A /* PBXTargetDependency */,
			);
			name = SwiftyJsonDataModelsTests;
			productName = SwiftyJsonDataModelsTests;
			productReference = 1565720F1C1FDF0F004EC23A /* SwiftyJsonDataModelsTests.xctest */;
			productType = "com.apple.product-type.bundle.unit-test";
		};
		156572191C1FDF0F004EC23A /* SwiftyJsonDataModelsUITests */ = {
			isa = PBXNativeTarget;
			buildConfigurationList = 156572291C1FDF0F004EC23A /* Build configuration list for PBXNativeTarget "SwiftyJsonDataModelsUITests" */;
			buildPhases = (
				156572161C1FDF0F004EC23A /* Sources */,
				156572171C1FDF0F004EC23A /* Frameworks */,
				156572181C1FDF0F004EC23A /* Resources */,
			);
			buildRules = (
			);
			dependencies = (
				1565721C1C1FDF0F004EC23A /* PBXTargetDependency */,
			);
			name = SwiftyJsonDataModelsUITests;
			productName = SwiftyJsonDataModelsUITests;
			productReference = 1565721A1C1FDF0F004EC23A /* SwiftyJsonDataModelsUITests.xctest */;
			productType = "com.apple.product-type.bundle.ui-testing";
		};
/* End PBXNativeTarget section */

/* Begin PBXProject section */
		156571F01C1FDF0F004EC23A /* Project object */ = {
			isa = PBXProject;
			attributes = {
				LastSwiftUpdateCheck = 0720;
				LastUpgradeCheck = 0720;
				ORGANIZATIONNAME = "Sugam Kalra";
				TargetAttributes = {
					156571F71C1FDF0F004EC23A = {
						CreatedOnToolsVersion = 7.2;
					};
					1565720E1C1FDF0F004EC23A = {
						CreatedOnToolsVersion = 7.2;
						TestTargetID = 156571F71C1FDF0F004EC23A;
					};
					156572191C1FDF0F004EC23A = {
						CreatedOnToolsVersion = 7.2;
						TestTargetID = 156571F71C1FDF0F004EC23A;
					};
				};
			};
			buildConfigurationList = 156571F31C1FDF0F004EC23A /* Build configuration list for PBXProject "SwiftyJsonDataModels" */;
			compatibilityVersion = "Xcode 3.2";
			developmentRegion = English;
			hasScannedForEncodings = 0;
			knownRegions = (
				en,
				Base,
			);
			mainGroup = 156571EF1C1FDF0F004EC23A;
			productRefGroup = 156571F91C1FDF0F004EC23A /* Products */;
			projectDirPath = "";
			projectRoot = "";
			targets = (
				156571F71C1FDF0F004EC23A /* SwiftyJsonDataModels */,
				1565720E1C1FDF0F004EC23A /* SwiftyJsonDataModelsTests */,
				156572191C1FDF0F004EC23A /* SwiftyJsonDataModelsUITests */,
			);
		};
/* End PBXProject section */

/* Begin PBXResourcesBuildPhase section */
		156571F61C1FDF0F004EC23A /* Resources */ = {
			isa = PBXResourcesBuildPhase;
			buildActionMask = 2147483647;
			files = (
				156572091C1FDF0F004EC23A /* LaunchScreen.storyboard in Resources */,
				156572061C1FDF0F004EC23A /* Assets.xcassets in Resources */,
				156572011C1FDF0F004EC23A /* Main.storyboard in Resources */,
			);
			runOnlyForDeploymentPostprocessing = 0;
		};
		1565720D1C1FDF0F004EC23A /* Resources */ = {
			isa = PBXResourcesBuildPhase;
			buildActionMask = 2147483647;
			files = (
			);
			runOnlyForDeploymentPostprocessing = 0;
		};
		156572181C1FDF0F004EC23A /* Resources */ = {
			isa = PBXResourcesBuildPhase;
			buildActionMask = 2147483647;
			files = (
			);
			runOnlyForDeploymentPostprocessing = 0;
		};
/* End PBXResourcesBuildPhase section */

/* Begin PBXSourcesBuildPhase section */
		156571F41C1FDF0F004EC23A /* Sources */ = {
			isa = PBXSourcesBuildPhase;
			buildActionMask = 2147483647;
			files = (
				1565722F1C1FE057004EC23A /* CaneQuality.swift in Sources */,
				156572361C1FE0DB004EC23A /* HelperFunctions.swift in Sources */,
				156572321C1FE081004EC23A /* GrowerCrop.swift in Sources */,
				156571FE1C1FDF0F004EC23A /* ViewController.swift in Sources */,
				156572301C1FE057004EC23A /* CaneLabSample.swift in Sources */,
				156571FC1C1FDF0F004EC23A /* AppDelegate.swift in Sources */,
				156572341C1FE0C7004EC23A /* SwiftyJSON.swift in Sources */,
				156572041C1FDF0F004EC23A /* SwiftyJsonDataModels.xcdatamodeld in Sources */,
			);
			runOnlyForDeploymentPostprocessing = 0;
		};
		1565720B1C1FDF0F004EC23A /* Sources */ = {
			isa = PBXSourcesBuildPhase;
			buildActionMask = 2147483647;
			files = (
				156572141C1FDF0F004EC23A /* SwiftyJsonDataModelsTests.swift in Sources */,
			);
			runOnlyForDeploymentPostprocessing = 0;
		};
		156572161C1FDF0F004EC23A /* Sources */ = {
			isa = PBXSourcesBuildPhase;
			buildActionMask = 2147483647;
			files = (
				1565721F1C1FDF0F004EC23A /* SwiftyJsonDataModelsUITests.swift in Sources */,
			);
			runOnlyForDeploymentPostprocessing = 0;
		};
/* End PBXSourcesBuildPhase section */

/* Begin PBXTargetDependency section */
		156572111C1FDF0F004EC23A /* PBXTargetDependency */ = {
			isa = PBXTargetDependency;
			target = 156571F71C1FDF0F004EC23A /* SwiftyJsonDataModels */;
			targetProxy = 156572101C1FDF0F004EC23A /* PBXContainerItemProxy */;
		};
		1565721C1C1FDF0F004EC23A /* PBXTargetDependency */ = {
			isa = PBXTargetDependency;
			target = 156571F71C1FDF0F004EC23A /* SwiftyJsonDataModels */;
			targetProxy = 1565721B1C1FDF0F004EC23A /* PBXContainerItemProxy */;
		};
/* End PBXTargetDependency section */

/* Begin PBXVariantGroup section */
		156571FF1C1FDF0F004EC23A /* Main.storyboard */ = {
			isa = PBXVariantGroup;
			children = (
				156572001C1FDF0F004EC23A /* Base */,
			);
			name = Main.storyboard;
			sourceTree = "<group>";
		};
		156572071C1FDF0F004EC23A /* LaunchScreen.storyboard */ = {
			isa = PBXVariantGroup;
			children = (
				156572081C1FDF0F004EC23A /* Base */,
			);
			name = LaunchScreen.storyboard;
			sourceTree = "<group>";
		};
/* End PBXVariantGroup section */

/* Begin XCBuildConfiguration section */
		156572211C1FDF0F004EC23A /* Debug */ = {
			isa = XCBuildConfiguration;
			buildSettings = {
				ALWAYS_SEARCH_USER_PATHS = NO;
				CLANG_CXX_LANGUAGE_STANDARD = "gnu++0x";
				CLANG_CXX_LIBRARY = "libc++";
				CLANG_ENABLE_MODULES = YES;
				CLANG_ENABLE_OBJC_ARC = YES;
				CLANG_WARN_BOOL_CONVERSION = YES;
				CLANG_WARN_CONSTANT_CONVERSION = YES;
				CLANG_WARN_DIRECT_OBJC_ISA_USAGE = YES_ERROR;
				CLANG_WARN_EMPTY_BODY = YES;
				CLANG_WARN_ENUM_CONVERSION = YES;
				CLANG_WARN_INT_CONVERSION = YES;
				CLANG_WARN_OBJC_ROOT_CLASS = YES_ERROR;
				CLANG_WARN_UNREACHABLE_CODE = YES;
				CLANG_WARN__DUPLICATE_METHOD_MATCH = YES;
				"CODE_SIGN_IDENTITY[sdk=iphoneos*]" = "iPhone Developer";
				COPY_PHASE_STRIP = NO;
				DEBUG_INFORMATION_FORMAT = dwarf;
				ENABLE_STRICT_OBJC_MSGSEND = YES;
				ENABLE_TESTABILITY = YES;
				GCC_C_LANGUAGE_STANDARD = gnu99;
				GCC_DYNAMIC_NO_PIC = NO;
				GCC_NO_COMMON_BLOCKS = YES;
				GCC_OPTIMIZATION_LEVEL = 0;
				GCC_PREPROCESSOR_DEFINITIONS = (
					"DEBUG=1",
					"$(inherited)",
				);
				GCC_WARN_64_TO_32_BIT_CONVERSION = YES;
				GCC_WARN_ABOUT_RETURN_TYPE = YES_ERROR;
				GCC_WARN_UNDECLARED_SELECTOR = YES;
				GCC_WARN_UNINITIALIZED_AUTOS = YES_AGGRESSIVE;
				GCC_WARN_UNUSED_FUNCTION = YES;
				GCC_WARN_UNUSED_VARIABLE = YES;
				IPHONEOS_DEPLOYMENT_TARGET = 9.2;
				MTL_ENABLE_DEBUG_INFO = YES;
				ONLY_ACTIVE_ARCH = YES;
				SDKROOT = iphoneos;
				SWIFT_OPTIMIZATION_LEVEL = "-Onone";
			};
			name = Debug;
		};
		156572221C1FDF0F004EC23A /* Release */ = {
			isa = XCBuildConfiguration;
			buildSettings = {
				ALWAYS_SEARCH_USER_PATHS = NO;
				CLANG_CXX_LANGUAGE_STANDARD = "gnu++0x";
				CLANG_CXX_LIBRARY = "libc++";
				CLANG_ENABLE_MODULES = YES;
				CLANG_ENABLE_OBJC_ARC = YES;
				CLANG_WARN_BOOL_CONVERSION = YES;
				CLANG_WARN_CONSTANT_CONVERSION = YES;
				CLANG_WARN_DIRECT_OBJC_ISA_USAGE = YES_ERROR;
				CLANG_WARN_EMPTY_BODY = YES;
				CLANG_WARN_ENUM_CONVERSION = YES;
				CLANG_WARN_INT_CONVERSION = YES;
				CLANG_WARN_OBJC_ROOT_CLASS = YES_ERROR;
				CLANG_WARN_UNREACHABLE_CODE = YES;
				CLANG_WARN__DUPLICATE_METHOD_MATCH = YES;
				"CODE_SIGN_IDENTITY[sdk=iphoneos*]" = "iPhone Developer";
				COPY_PHASE_STRIP = NO;
				DEBUG_INFORMATION_FORMAT = "dwarf-with-dsym";
				ENABLE_NS_ASSERTIONS = NO;
				ENABLE_STRICT_OBJC_MSGSEND = YES;
				GCC_C_LANGUAGE_STANDARD = gnu99;
				GCC_NO_COMMON_BLOCKS = YES;
				GCC_WARN_64_TO_32_BIT_CONVERSION = YES;
				GCC_WARN_ABOUT_RETURN_TYPE = YES_ERROR;
				GCC_WARN_UNDECLARED_SELECTOR = YES;
				GCC_WARN_UNINITIALIZED_AUTOS = YES_AGGRESSIVE;
				GCC_WARN_UNUSED_FUNCTION = YES;
				GCC_WARN_UNUSED_VARIABLE = YES;
				IPHONEOS_DEPLOYMENT_TARGET = 9.2;
				MTL_ENABLE_DEBUG_INFO = NO;
				SDKROOT = iphoneos;
				VALIDATE_PRODUCT = YES;
			};
			name = Release;
		};
		156572241C1FDF0F004EC23A /* Debug */ = {
			isa = XCBuildConfiguration;
			buildSettings = {
				ASSETCATALOG_COMPILER_APPICON_NAME = AppIcon;
				INFOPLIST_FILE = SwiftyJsonDataModels/Info.plist;
				LD_RUNPATH_SEARCH_PATHS = "$(inherited) @executable_path/Frameworks";
				PRODUCT_BUNDLE_IDENTIFIER = com.Appirio.SwiftyJsonDataModels;
				PRODUCT_NAME = "$(TARGET_NAME)";
			};
			name = Debug;
		};
		156572251C1FDF0F004EC23A /* Release */ = {
			isa = XCBuildConfiguration;
			buildSettings = {
				ASSETCATALOG_COMPILER_APPICON_NAME = AppIcon;
				INFOPLIST_FILE = SwiftyJsonDataModels/Info.plist;
				LD_RUNPATH_SEARCH_PATHS = "$(inherited) @executable_path/Frameworks";
				PRODUCT_BUNDLE_IDENTIFIER = com.Appirio.SwiftyJsonDataModels;
				PRODUCT_NAME = "$(TARGET_NAME)";
			};
			name = Release;
		};
		156572271C1FDF0F004EC23A /* Debug */ = {
			isa = XCBuildConfiguration;
			buildSettings = {
				BUNDLE_LOADER = "$(TEST_HOST)";
				INFOPLIST_FILE = SwiftyJsonDataModelsTests/Info.plist;
				LD_RUNPATH_SEARCH_PATHS = "$(inherited) @executable_path/Frameworks @loader_path/Frameworks";
				PRODUCT_BUNDLE_IDENTIFIER = com.Appirio.SwiftyJsonDataModelsTests;
				PRODUCT_NAME = "$(TARGET_NAME)";
				TEST_HOST = "$(BUILT_PRODUCTS_DIR)/SwiftyJsonDataModels.app/SwiftyJsonDataModels";
			};
			name = Debug;
		};
		156572281C1FDF0F004EC23A /* Release */ = {
			isa = XCBuildConfiguration;
			buildSettings = {
				BUNDLE_LOADER = "$(TEST_HOST)";
				INFOPLIST_FILE = SwiftyJsonDataModelsTests/Info.plist;
				LD_RUNPATH_SEARCH_PATHS = "$(inherited) @executable_path/Frameworks @loader_path/Frameworks";
				PRODUCT_BUNDLE_IDENTIFIER = com.Appirio.SwiftyJsonDataModelsTests;
				PRODUCT_NAME = "$(TARGET_NAME)";
				TEST_HOST = "$(BUILT_PRODUCTS_DIR)/SwiftyJsonDataModels.app/SwiftyJsonDataModels";
			};
			name = Release;
		};
		1565722A1C1FDF0F004EC23A /* Debug */ = {
			isa = XCBuildConfiguration;
			buildSettings = {
				INFOPLIST_FILE = SwiftyJsonDataModelsUITests/Info.plist;
				LD_RUNPATH_SEARCH_PATHS = "$(inherited) @executable_path/Frameworks @loader_path/Frameworks";
				PRODUCT_BUNDLE_IDENTIFIER = com.Appirio.SwiftyJsonDataModelsUITests;
				PRODUCT_NAME = "$(TARGET_NAME)";
				TEST_TARGET_NAME = SwiftyJsonDataModels;
				USES_XCTRUNNER = YES;
			};
			name = Debug;
		};
		1565722B1C1FDF0F004EC23A /* Release */ = {
			isa = XCBuildConfiguration;
			buildSettings = {
				INFOPLIST_FILE = SwiftyJsonDataModelsUITests/Info.plist;
				LD_RUNPATH_SEARCH_PATHS = "$(inherited) @executable_path/Frameworks @loader_path/Frameworks";
				PRODUCT_BUNDLE_IDENTIFIER = com.Appirio.SwiftyJsonDataModelsUITests;
				PRODUCT_NAME = "$(TARGET_NAME)";
				TEST_TARGET_NAME = SwiftyJsonDataModels;
				USES_XCTRUNNER = YES;
			};
			name = Release;
		};
/* End XCBuildConfiguration section */

/* Begin XCConfigurationList section */
		156571F31C1FDF0F004EC23A /* Build configuration list for PBXProject "SwiftyJsonDataModels" */ = {
			isa = XCConfigurationList;
			buildConfigurations = (
				156572211C1FDF0F004EC23A /* Debug */,
				156572221C1FDF0F004EC23A /* Release */,
			);
			defaultConfigurationIsVisible = 0;
			defaultConfigurationName = Release;
		};
		156572231C1FDF0F004EC23A /* Build configuration list for PBXNativeTarget "SwiftyJsonDataModels" */ = {
			isa = XCConfigurationList;
			buildConfigurations = (
				156572241C1FDF0F004EC23A /* Debug */,
				156572251C1FDF0F004EC23A /* Release */,
			);
			defaultConfigurationIsVisible = 0;
		};
		156572261C1FDF0F004EC23A /* Build configuration list for PBXNativeTarget "SwiftyJsonDataModelsTests" */ = {
			isa = XCConfigurationList;
			buildConfigurations = (
				156572271C1FDF0F004EC23A /* Debug */,
				156572281C1FDF0F004EC23A /* Release */,
			);
			defaultConfigurationIsVisible = 0;
		};
		156572291C1FDF0F004EC23A /* Build configuration list for PBXNativeTarget "SwiftyJsonDataModelsUITests" */ = {
			isa = XCConfigurationList;
			buildConfigurations = (
				1565722A1C1FDF0F004EC23A /* Debug */,
				1565722B1C1FDF0F004EC23A /* Release */,
			);
			defaultConfigurationIsVisible = 0;
		};
/* End XCConfigurationList section */

/* Begin XCVersionGroup section */
		156572021C1FDF0F004EC23A /* SwiftyJsonDataModels.xcdatamodeld */ = {
			isa = XCVersionGroup;
			children = (
				156572031C1FDF0F004EC23A /* SwiftyJsonDataModels.xcdatamodel */,
			);
			currentVersion = 156572031C1FDF0F004EC23A /* SwiftyJsonDataModels.xcdatamodel */;
			path = SwiftyJsonDataModels.xcdatamodeld;
			sourceTree = "<group>";
			versionGroupType = wrapper.xcdatamodel;
		};
/* End XCVersionGroup section */
	};
	rootObject = 156571F01C1FDF0F004EC23A /* Project object */;
}
